
Microsoft Visual Studio Solution File, Format Version 12.00
# Visual Studio Version 17
VisualStudioVersion = 17.7.34024.191
MinimumVisualStudioVersion = 10.0.40219.1
Project("{FAE04EC0-301F-11D3-BF4B-00C04F79EFBC}") = "ECardSystem", "ECardSystem.csproj", "{A9FD6769-E335-4379-AD5D-3D0AF6A2B41B}"
EndProject
Global
	GlobalSection(SolutionConfigurationPlatforms) = preSolution
		Debug|Any CPU = Debug|Any CPU
		Release|Any CPU = Release|Any CPU
	EndGlobalSection
	GlobalSection(ProjectConfigurationPlatforms) = postSolution
		{A9FD6769-E335-4379-AD5D-3D0AF6A2B41B}.Debug|Any CPU.ActiveCfg = Debug|Any CPU
		{A9FD6769-E335-4379-AD5D-3D0AF6A2B41B}.Debug|Any CPU.Build.0 = Debug|Any CPU
		{A9FD6769-E335-4379-AD5D-3D0AF6A2B41B}.Release|Any CPU.ActiveCfg = Release|Any CPU
		{A9FD6769-E335-4379-AD5D-3D0AF6A2B41B}.Release|Any CPU.Build.0 = Release|Any CPU
	EndGlobalSection
	GlobalSection(SolutionProperties) = preSolution
		HideSolutionNode = FALSE
	EndGlobalSection
	GlobalSection(ExtensibilityGlobals) = postSolution
		SolutionGuid = {37370388-5E7E-4278-9538-7525788B8B1E}
	EndGlobalSection
EndGlobal
